
Microsoft Visual Studio Solution File, Format Version 12.00
# Visual Studio Version 17
VisualStudioVersion = 17.13.35806.99 d17.13
MinimumVisualStudioVersion = 10.0.40219.1
Project("{FAE04EC0-301F-11D3-BF4B-00C04F79EFBC}") = "лаб2", "лаб2.csproj", "{5CFF4F52-D3F9-40AF-A64E-10F3C5441856}"
EndProject
Global
	GlobalSection(SolutionConfigurationPlatforms) = preSolution
		Debug|Any CPU = Debug|Any CPU
		Release|Any CPU = Release|Any CPU
	EndGlobalSection
	GlobalSection(ProjectConfigurationPlatforms) = postSolution
		{5CFF4F52-D3F9-40AF-A64E-10F3C5441856}.Debug|Any CPU.ActiveCfg = Debug|Any CPU
		{5CFF4F52-D3F9-40AF-A64E-10F3C5441856}.Debug|Any CPU.Build.0 = Debug|Any CPU
		{5CFF4F52-D3F9-40AF-A64E-10F3C5441856}.Release|Any CPU.ActiveCfg = Release|Any CPU
		{5CFF4F52-D3F9-40AF-A64E-10F3C5441856}.Release|Any CPU.Build.0 = Release|Any CPU
	EndGlobalSection
	GlobalSection(SolutionProperties) = preSolution
		HideSolutionNode = FALSE
	EndGlobalSection
	GlobalSection(ExtensibilityGlobals) = postSolution
		SolutionGuid = {ECEBF24F-9756-4567-AE2A-DFDC50B08961}
	EndGlobalSection
EndGlobal
